
Microsoft Visual Studio Solution File, Format Version 12.00
# Visual Studio 14
VisualStudioVersion = 14.0.25420.1
MinimumVisualStudioVersion = 10.0.40219.1
Project("{FAE04EC0-301F-11D3-BF4B-00C04F79EFBC}") = "CommonTools", "CommonTools.csproj", "{C3A1BB6F-5A18-481F-AE13-D980FD56A0E2}"
EndProject
Global
	GlobalSection(SolutionConfigurationPlatforms) = preSolution
		Debug|Any CPU = Debug|Any CPU
		Release|Any CPU = Release|Any CPU
	EndGlobalSection
	GlobalSection(ProjectConfigurationPlatforms) = postSolution
		{C3A1BB6F-5A18-481F-AE13-D980FD56A0E2}.Debug|Any CPU.ActiveCfg = Debug|Any CPU
		{C3A1BB6F-5A18-481F-AE13-D980FD56A0E2}.Debug|Any CPU.Build.0 = Debug|Any CPU
		{C3A1BB6F-5A18-481F-AE13-D980FD56A0E2}.Release|Any CPU.ActiveCfg = Release|Any CPU
		{C3A1BB6F-5A18-481F-AE13-D980FD56A0E2}.Release|Any CPU.Build.0 = Release|Any CPU
	EndGlobalSection
	GlobalSection(SolutionProperties) = preSolution
		HideSolutionNode = FALSE
	EndGlobalSection
	GlobalSection(TeamFoundationVersionControl) = preSolution
		SccNumberOfProjects = 1
		SccEnterpriseProvider = {4CA58AB2-18FA-4F8D-95D4-32DDF27D184C}
		SccTeamFoundationServer = https://poplarforest.visualstudio.com/
		SccProjectUniqueName0 = CommonTools.csproj
		SccProjectName0 = .
		SccAuxPath0 = https://poplarforest.visualstudio.com
		SccLocalPath0 = .
		SccProvider0 = {4CA58AB2-18FA-4F8D-95D4-32DDF27D184C}
	EndGlobalSection
EndGlobal
